<?xml version="1.0" encoding="utf-8"?>
<Project ToolsVersion="4.0" xmlns="http://schemas.microsoft.com/developer/msbuild/2003">
  <ItemGroup>
    <Filter Include="Headers">
      <UniqueIdentifier>{da5088eb-7bee-4b18-a0c0-0c9260aeae24}</UniqueIdentifier>
    </Filter>
    <Filter Include="CppSources">
      <UniqueIdentifier>{fd38dc35-8505-45f7-b89d-9d5ba26c38ed}</UniqueIdentifier>
    </Filter>
    <Filter Include="CudaSources">
      <UniqueIdentifier>{78cb484a-8b72-4e65-9406-2a8a2829df79}</UniqueIdentifier>
    </Filter>
  </ItemGroup>
  <ItemGroup>
    <ClInclude Include="cudautils.h">
      <Filter>Headers</Filter>
    </ClInclude>
    <ClInclude Include="cudaImage.h">
      <Filter>Headers</Filter>
    </ClInclude>
    <ClInclude Include="cudaSift.h">
      <Filter>Headers</Filter>
    </ClInclude>
    <ClInclude Include="cudaSiftD.h">
      <Filter>Headers</Filter>
    </ClInclude>
    <ClInclude Include="cudaSiftH.h">
      <Filter>Headers</Filter>
    </ClInclude>
  </ItemGroup>
  <ItemGroup>
    <ClCompile Include="mainSift.cpp">
      <Filter>CppSources</Filter>
    </ClCompile>
    <ClCompile Include="geomFuncs.cpp">
      <Filter>CppSources</Filter>
    </ClCompile>
  </ItemGroup>
  <ItemGroup>
    <CudaCompile Include="matching.cu">
      <Filter>CudaSources</Filter>
    </CudaCompile>
    <CudaCompile Include="kernel.cu">
      <Filter>CudaSources</Filter>
    </CudaCompile>
    <CudaCompile Include="cudaSiftH.cu">
      <Filter>CudaSources</Filter>
    </CudaCompile>
    <CudaCompile Include="cudaSiftD.cu">
      <Filter>CudaSources</Filter>
    </CudaCompile>
    <CudaCompile Include="cudaImage.cu">
      <Filter>CudaSources</Filter>
    </CudaCompile>
  </ItemGroup>
</Project>